
Microsoft Visual Studio Solution File, Format Version 12.00
# Visual Studio 2017
Project("{FAE04EC0-301F-11D3-BF4B-00C04F79EFBC}") = "futura_app_spy_to_seek", "futura_app_spy_to_seek.csproj", "{5CD66AD2-35DA-1031-3B14-CC3DE7397E0B}"
EndProject
Project("{FAE04EC0-301F-11D3-BF4B-00C04F79EFBC}") = "futura_app_spy_to_seek.Editor", "futura_app_spy_to_seek.Editor.csproj", "{B6A0CFF4-7EEE-0A80-656E-17AC68B271E1}"
EndProject
Global
	GlobalSection(SolutionConfigurationPlatforms) = preSolution
		Debug|Any CPU = Debug|Any CPU
		Release|Any CPU = Release|Any CPU
	EndGlobalSection
	GlobalSection(ProjectConfigurationPlatforms) = postSolution
		{5CD66AD2-35DA-1031-3B14-CC3DE7397E0B}.Debug|Any CPU.ActiveCfg = Debug|Any CPU
		{5CD66AD2-35DA-1031-3B14-CC3DE7397E0B}.Debug|Any CPU.Build.0 = Debug|Any CPU
		{5CD66AD2-35DA-1031-3B14-CC3DE7397E0B}.Release|Any CPU.ActiveCfg = Release|Any CPU
		{5CD66AD2-35DA-1031-3B14-CC3DE7397E0B}.Release|Any CPU.Build.0 = Release|Any CPU
		{B6A0CFF4-7EEE-0A80-656E-17AC68B271E1}.Debug|Any CPU.ActiveCfg = Debug|Any CPU
		{B6A0CFF4-7EEE-0A80-656E-17AC68B271E1}.Debug|Any CPU.Build.0 = Debug|Any CPU
		{B6A0CFF4-7EEE-0A80-656E-17AC68B271E1}.Release|Any CPU.ActiveCfg = Release|Any CPU
		{B6A0CFF4-7EEE-0A80-656E-17AC68B271E1}.Release|Any CPU.Build.0 = Release|Any CPU
	EndGlobalSection
	GlobalSection(SolutionProperties) = preSolution
		HideSolutionNode = FALSE
	EndGlobalSection
EndGlobal
